
Microsoft Visual Studio Solution File, Format Version 12.00
# Visual Studio Version 17
VisualStudioVersion = 17.11.35222.181
MinimumVisualStudioVersion = 10.0.40219.1
Project("{FAE04EC0-301F-11D3-BF4B-00C04F79EFBC}") = "WpfQuerySearch", "WpfQuerySearch\WpfQuerySearch.csproj", "{DF261D74-A271-45F0-B15E-0BFB28A6C8F6}"
EndProject
Global
	GlobalSection(SolutionConfigurationPlatforms) = preSolution
		Debug|Any CPU = Debug|Any CPU
		Release|Any CPU = Release|Any CPU
	EndGlobalSection
	GlobalSection(ProjectConfigurationPlatforms) = postSolution
		{DF261D74-A271-45F0-B15E-0BFB28A6C8F6}.Debug|Any CPU.ActiveCfg = Debug|Any CPU
		{DF261D74-A271-45F0-B15E-0BFB28A6C8F6}.Debug|Any CPU.Build.0 = Debug|Any CPU
		{DF261D74-A271-45F0-B15E-0BFB28A6C8F6}.Release|Any CPU.ActiveCfg = Release|Any CPU
		{DF261D74-A271-45F0-B15E-0BFB28A6C8F6}.Release|Any CPU.Build.0 = Release|Any CPU
	EndGlobalSection
	GlobalSection(SolutionProperties) = preSolution
		HideSolutionNode = FALSE
	EndGlobalSection
	GlobalSection(ExtensibilityGlobals) = postSolution
		SolutionGuid = {A61D1530-3245-4DF8-BDA0-C06A119482D0}
	EndGlobalSection
EndGlobal
